
Microsoft Visual Studio Solution File, Format Version 12.00
# Visual Studio Version 16
VisualStudioVersion = 16.0.29519.181
MinimumVisualStudioVersion = 10.0.40219.1
Project("{888888A0-9F3D-457C-B088-3A5042F75D52}") = "Delta GUI", "Delta GUI.pyproj", "{5EAC7D23-F4D2-4BF4-B184-324DB3C85054}"
EndProject
Global
	GlobalSection(SolutionConfigurationPlatforms) = preSolution
		Debug|Any CPU = Debug|Any CPU
		Release|Any CPU = Release|Any CPU
	EndGlobalSection
	GlobalSection(ProjectConfigurationPlatforms) = postSolution
		{5EAC7D23-F4D2-4BF4-B184-324DB3C85054}.Debug|Any CPU.ActiveCfg = Debug|Any CPU
		{5EAC7D23-F4D2-4BF4-B184-324DB3C85054}.Release|Any CPU.ActiveCfg = Release|Any CPU
	EndGlobalSection
	GlobalSection(SolutionProperties) = preSolution
		HideSolutionNode = FALSE
	EndGlobalSection
	GlobalSection(ExtensibilityGlobals) = postSolution
		SolutionGuid = {A8A89095-B836-4491-BC90-B627E49BE2A6}
	EndGlobalSection
EndGlobal
